
Microsoft Visual Studio Solution File, Format Version 12.00
Project("{FAE04EC0-301F-11D3-BF4B-00C04F79EFBC}") = "Primer", "Primer\Primer.csproj", "{F9449A9F-616B-490E-A9C0-26393B9E8539}"
EndProject
Project("{FAE04EC0-301F-11D3-BF4B-00C04F79EFBC}") = "TestProject1", "TestProject1\TestProject1.csproj", "{84A25081-D94A-40AF-979B-4F390018029A}"
EndProject
Project("{FAE04EC0-301F-11D3-BF4B-00C04F79EFBC}") = "TestProject3", "TestProject3\TestProject3.csproj", "{14EBA290-876E-48C8-8B48-F35EC0090BC2}"
EndProject
Global
	GlobalSection(SolutionConfigurationPlatforms) = preSolution
		Debug|Any CPU = Debug|Any CPU
		Release|Any CPU = Release|Any CPU
	EndGlobalSection
	GlobalSection(ProjectConfigurationPlatforms) = postSolution
		{F9449A9F-616B-490E-A9C0-26393B9E8539}.Debug|Any CPU.ActiveCfg = Debug|Any CPU
		{F9449A9F-616B-490E-A9C0-26393B9E8539}.Debug|Any CPU.Build.0 = Debug|Any CPU
		{F9449A9F-616B-490E-A9C0-26393B9E8539}.Release|Any CPU.ActiveCfg = Release|Any CPU
		{F9449A9F-616B-490E-A9C0-26393B9E8539}.Release|Any CPU.Build.0 = Release|Any CPU
		{84A25081-D94A-40AF-979B-4F390018029A}.Debug|Any CPU.ActiveCfg = Debug|Any CPU
		{84A25081-D94A-40AF-979B-4F390018029A}.Debug|Any CPU.Build.0 = Debug|Any CPU
		{84A25081-D94A-40AF-979B-4F390018029A}.Release|Any CPU.ActiveCfg = Release|Any CPU
		{84A25081-D94A-40AF-979B-4F390018029A}.Release|Any CPU.Build.0 = Release|Any CPU
		{14EBA290-876E-48C8-8B48-F35EC0090BC2}.Debug|Any CPU.ActiveCfg = Debug|Any CPU
		{14EBA290-876E-48C8-8B48-F35EC0090BC2}.Debug|Any CPU.Build.0 = Debug|Any CPU
		{14EBA290-876E-48C8-8B48-F35EC0090BC2}.Release|Any CPU.ActiveCfg = Release|Any CPU
		{14EBA290-876E-48C8-8B48-F35EC0090BC2}.Release|Any CPU.Build.0 = Release|Any CPU
	EndGlobalSection
EndGlobal
